
Microsoft Visual Studio Solution File, Format Version 12.00
# Visual Studio Version 17
VisualStudioVersion = 17.11.35327.3
MinimumVisualStudioVersion = 10.0.40219.1
Project("{FAE04EC0-301F-11D3-BF4B-00C04F79EFBC}") = "ListOfProcceses", "ListOfProcceses.csproj", "{E8063CCF-2DF5-437D-9CD1-F94EE11A6795}"
EndProject
Global
	GlobalSection(SolutionConfigurationPlatforms) = preSolution
		Debug|Any CPU = Debug|Any CPU
		Release|Any CPU = Release|Any CPU
	EndGlobalSection
	GlobalSection(ProjectConfigurationPlatforms) = postSolution
		{E8063CCF-2DF5-437D-9CD1-F94EE11A6795}.Debug|Any CPU.ActiveCfg = Debug|Any CPU
		{E8063CCF-2DF5-437D-9CD1-F94EE11A6795}.Debug|Any CPU.Build.0 = Debug|Any CPU
		{E8063CCF-2DF5-437D-9CD1-F94EE11A6795}.Release|Any CPU.ActiveCfg = Release|Any CPU
		{E8063CCF-2DF5-437D-9CD1-F94EE11A6795}.Release|Any CPU.Build.0 = Release|Any CPU
	EndGlobalSection
	GlobalSection(SolutionProperties) = preSolution
		HideSolutionNode = FALSE
	EndGlobalSection
	GlobalSection(ExtensibilityGlobals) = postSolution
		SolutionGuid = {C36147A1-AD41-4CBA-B7C6-F90CF71E1536}
	EndGlobalSection
EndGlobal
